
Microsoft Visual Studio Solution File, Format Version 12.00
# Visual Studio Version 17
VisualStudioVersion = 17.10.35013.160
MinimumVisualStudioVersion = 10.0.40219.1
Project("{FAE04EC0-301F-11D3-BF4B-00C04F79EFBC}") = "ChatApp", "ChatApp\ChatApp.csproj", "{CE6CF7EF-7E39-4636-8233-A6CC03253855}"
EndProject
Global
	GlobalSection(SolutionConfigurationPlatforms) = preSolution
		Debug|Any CPU = Debug|Any CPU
		Release|Any CPU = Release|Any CPU
	EndGlobalSection
	GlobalSection(ProjectConfigurationPlatforms) = postSolution
		{CE6CF7EF-7E39-4636-8233-A6CC03253855}.Debug|Any CPU.ActiveCfg = Debug|Any CPU
		{CE6CF7EF-7E39-4636-8233-A6CC03253855}.Debug|Any CPU.Build.0 = Debug|Any CPU
		{CE6CF7EF-7E39-4636-8233-A6CC03253855}.Release|Any CPU.ActiveCfg = Release|Any CPU
		{CE6CF7EF-7E39-4636-8233-A6CC03253855}.Release|Any CPU.Build.0 = Release|Any CPU
	EndGlobalSection
	GlobalSection(SolutionProperties) = preSolution
		HideSolutionNode = FALSE
	EndGlobalSection
	GlobalSection(ExtensibilityGlobals) = postSolution
		SolutionGuid = {A543873E-660A-4EC6-A8D3-2837B56CE1F6}
	EndGlobalSection
EndGlobal
